
Microsoft Visual Studio Solution File, Format Version 12.00
Project("{2150E333-8FDC-42A3-9474-1A3956D46DE8}") = "backend", "backend", "{21F104DC-F2C6-46AE-B150-426068DDE024}"
EndProject
Project("{FAE04EC0-301F-11D3-BF4B-00C04F79EFBC}") = "WhatPlans.Api", "WhatPlans.Api\WhatPlans.Api.csproj", "{3CFD2B90-67DF-430B-80F3-107F3DE04F02}"
EndProject
Project("{2150E333-8FDC-42A3-9474-1A3956D46DE8}") = "WhatPlans.Api", "WhatPlans.Api", "{97D6699F-098C-4982-B699-1EA508675959}"
EndProject
Project("{2150E333-8FDC-42A3-9474-1A3956D46DE8}") = "WhatPlans.Domain", "WhatPlans.Domain", "{CECE9512-A859-4E0F-8279-2F0AFD648608}"
EndProject
Project("{FAE04EC0-301F-11D3-BF4B-00C04F79EFBC}") = "WhatPlans.Domain", "WhatPlans.Domain\WhatPlans.Domain.csproj", "{23B84D81-BB4F-4DFF-888C-BD21E416C33D}"
EndProject
Project("{2150E333-8FDC-42A3-9474-1A3956D46DE8}") = "WhatPlans.Application", "WhatPlans.Application", "{6CFA39D2-0065-464F-B04F-12196FA4B63F}"
EndProject
Project("{FAE04EC0-301F-11D3-BF4B-00C04F79EFBC}") = "WhatPlans.Application", "WhatPlans.Application\WhatPlans.Application.csproj", "{6708BD1F-91F5-494D-8864-A742FD15D023}"
EndProject
Project("{2150E333-8FDC-42A3-9474-1A3956D46DE8}") = "WhatPlans.Infrastructure", "WhatPlans.Infrastructure", "{56B5FED9-ACD7-441B-907C-FD72DE7A5DF1}"
EndProject
Project("{FAE04EC0-301F-11D3-BF4B-00C04F79EFBC}") = "WhatPlans.Infrastructure", "WhatPlans.Infrastructure\WhatPlans.Infrastructure.csproj", "{39BBF428-5B48-4E6C-BBDE-9DDF36C0E8FB}"
EndProject
Global
	GlobalSection(SolutionConfigurationPlatforms) = preSolution
		Debug|Any CPU = Debug|Any CPU
		Release|Any CPU = Release|Any CPU
	EndGlobalSection
	GlobalSection(NestedProjects) = preSolution
		{97D6699F-098C-4982-B699-1EA508675959} = {21F104DC-F2C6-46AE-B150-426068DDE024}
		{3CFD2B90-67DF-430B-80F3-107F3DE04F02} = {97D6699F-098C-4982-B699-1EA508675959}
		{CECE9512-A859-4E0F-8279-2F0AFD648608} = {21F104DC-F2C6-46AE-B150-426068DDE024}
		{23B84D81-BB4F-4DFF-888C-BD21E416C33D} = {CECE9512-A859-4E0F-8279-2F0AFD648608}
		{6CFA39D2-0065-464F-B04F-12196FA4B63F} = {21F104DC-F2C6-46AE-B150-426068DDE024}
		{6708BD1F-91F5-494D-8864-A742FD15D023} = {6CFA39D2-0065-464F-B04F-12196FA4B63F}
		{56B5FED9-ACD7-441B-907C-FD72DE7A5DF1} = {21F104DC-F2C6-46AE-B150-426068DDE024}
		{39BBF428-5B48-4E6C-BBDE-9DDF36C0E8FB} = {56B5FED9-ACD7-441B-907C-FD72DE7A5DF1}
	EndGlobalSection
	GlobalSection(ProjectConfigurationPlatforms) = postSolution
		{3CFD2B90-67DF-430B-80F3-107F3DE04F02}.Debug|Any CPU.ActiveCfg = Debug|Any CPU
		{3CFD2B90-67DF-430B-80F3-107F3DE04F02}.Debug|Any CPU.Build.0 = Debug|Any CPU
		{3CFD2B90-67DF-430B-80F3-107F3DE04F02}.Release|Any CPU.ActiveCfg = Release|Any CPU
		{3CFD2B90-67DF-430B-80F3-107F3DE04F02}.Release|Any CPU.Build.0 = Release|Any CPU
		{23B84D81-BB4F-4DFF-888C-BD21E416C33D}.Debug|Any CPU.ActiveCfg = Debug|Any CPU
		{23B84D81-BB4F-4DFF-888C-BD21E416C33D}.Debug|Any CPU.Build.0 = Debug|Any CPU
		{23B84D81-BB4F-4DFF-888C-BD21E416C33D}.Release|Any CPU.ActiveCfg = Release|Any CPU
		{23B84D81-BB4F-4DFF-888C-BD21E416C33D}.Release|Any CPU.Build.0 = Release|Any CPU
		{6708BD1F-91F5-494D-8864-A742FD15D023}.Debug|Any CPU.ActiveCfg = Debug|Any CPU
		{6708BD1F-91F5-494D-8864-A742FD15D023}.Debug|Any CPU.Build.0 = Debug|Any CPU
		{6708BD1F-91F5-494D-8864-A742FD15D023}.Release|Any CPU.ActiveCfg = Release|Any CPU
		{6708BD1F-91F5-494D-8864-A742FD15D023}.Release|Any CPU.Build.0 = Release|Any CPU
		{39BBF428-5B48-4E6C-BBDE-9DDF36C0E8FB}.Debug|Any CPU.ActiveCfg = Debug|Any CPU
		{39BBF428-5B48-4E6C-BBDE-9DDF36C0E8FB}.Debug|Any CPU.Build.0 = Debug|Any CPU
		{39BBF428-5B48-4E6C-BBDE-9DDF36C0E8FB}.Release|Any CPU.ActiveCfg = Release|Any CPU
		{39BBF428-5B48-4E6C-BBDE-9DDF36C0E8FB}.Release|Any CPU.Build.0 = Release|Any CPU
	EndGlobalSection
EndGlobal
